
Microsoft Visual Studio Solution File, Format Version 12.00
# Visual Studio Version 17
VisualStudioVersion = 17.13.35913.81 d17.13
MinimumVisualStudioVersion = 10.0.40219.1
Project("{FAE04EC0-301F-11D3-BF4B-00C04F79EFBC}") = "API", "API.csproj", "{908BA308-C2B5-4D5A-98B5-BBC44A26B36F}"
EndProject
Global
	GlobalSection(SolutionConfigurationPlatforms) = preSolution
		Debug|Any CPU = Debug|Any CPU
		Release|Any CPU = Release|Any CPU
	EndGlobalSection
	GlobalSection(ProjectConfigurationPlatforms) = postSolution
		{908BA308-C2B5-4D5A-98B5-BBC44A26B36F}.Debug|Any CPU.ActiveCfg = Debug|Any CPU
		{908BA308-C2B5-4D5A-98B5-BBC44A26B36F}.Debug|Any CPU.Build.0 = Debug|Any CPU
		{908BA308-C2B5-4D5A-98B5-BBC44A26B36F}.Release|Any CPU.ActiveCfg = Release|Any CPU
		{908BA308-C2B5-4D5A-98B5-BBC44A26B36F}.Release|Any CPU.Build.0 = Release|Any CPU
	EndGlobalSection
	GlobalSection(SolutionProperties) = preSolution
		HideSolutionNode = FALSE
	EndGlobalSection
	GlobalSection(ExtensibilityGlobals) = postSolution
		SolutionGuid = {82F52477-35C2-47EF-BEA8-095A04370630}
	EndGlobalSection
EndGlobal
